<?xml version="1.0" encoding="utf-8"?>
<Project ToolsVersion="4.0" xmlns="http://schemas.microsoft.com/developer/msbuild/2003">
  <ItemGroup>
    <Filter Include="Source Files">
      <UniqueIdentifier>{4FC737F1-C7A5-4376-A066-2A32D752A2FF}</UniqueIdentifier>
      <Extensions>cpp;c;cc;cxx;def;odl;idl;hpj;bat;asm;asmx</Extensions>
    </Filter>
    <Filter Include="Header Files">
      <UniqueIdentifier>{93995380-89BD-4b04-88EB-625FBE52EBFB}</UniqueIdentifier>
      <Extensions>h;hh;hpp;hxx;hm;inl;inc;ipp;xsd</Extensions>
    </Filter>
    <Filter Include="Resource Files">
      <UniqueIdentifier>{67DA6AB6-F800-4c08-8B7A-83BB121AAD01}</UniqueIdentifier>
      <Extensions>rc;ico;cur;bmp;dlg;rc2;rct;bin;rgs;gif;jpg;jpeg;jpe;resx;tiff;tif;png;wav;mfcribbon-ms</Extensions>
    </Filter>
  </ItemGroup>
  <ItemGroup>
    <ClCompile Include="src\apu.cpp">
      <Filter>Source Files</Filter>
    </ClCompile>
    <ClCompile Include="src\cpu.cpp">
      <Filter>Source Files</Filter>
    </ClCompile>
    <ClCompile Include="src\helpers.cpp">
      <Filter>Source Files</Filter>
    </ClCompile>
    <ClCompile Include="src\input.cpp">
      <Filter>Source Files</Filter>
    </ClCompile>
    <ClCompile Include="src\logging.cpp">
      <Filter>Source Files</Filter>
    </ClCompile>
    <ClCompile Include="src\mapperHandler.cpp">
      <Filter>Source Files</Filter>
    </ClCompile>
    <ClCompile Include="src\memory.cpp">
      <Filter>Source Files</Filter>
    </ClCompile>
    <ClCompile Include="src\nesemu.cpp">
      <Filter>Source Files</Filter>
    </ClCompile>
    <ClCompile Include="src\ppu.cpp">
      <Filter>Source Files</Filter>
    </ClCompile>
    <ClCompile Include="src\mappers\mapper0.cpp">
      <Filter>Source Files</Filter>
    </ClCompile>
    <ClCompile Include="src\mappers\mapper1.cpp">
      <Filter>Source Files</Filter>
    </ClCompile>
    <ClCompile Include="src\mappers\mapper2.cpp">
      <Filter>Source Files</Filter>
    </ClCompile>
    <ClCompile Include="src\audiochannels\pulsechannel.cpp">
      <Filter>Source Files</Filter>
    </ClCompile>
    <ClCompile Include="src\audiochannels\trianglechannel.cpp">
      <Filter>Source Files</Filter>
    </ClCompile>
    <ClCompile Include="src\audiochannels\noisechannel.cpp">
      <Filter>Source Files</Filter>
    </ClCompile>
  </ItemGroup>
  <ItemGroup>
    <ClInclude Include="src\apu.hpp">
      <Filter>Header Files</Filter>
    </ClInclude>
    <ClInclude Include="src\cpu.hpp">
      <Filter>Header Files</Filter>
    </ClInclude>
    <ClInclude Include="src\helpers.hpp">
      <Filter>Header Files</Filter>
    </ClInclude>
    <ClInclude Include="src\includes.hpp">
      <Filter>Header Files</Filter>
    </ClInclude>
    <ClInclude Include="src\input.hpp">
      <Filter>Header Files</Filter>
    </ClInclude>
    <ClInclude Include="src\logging.hpp">
      <Filter>Header Files</Filter>
    </ClInclude>
    <ClInclude Include="src\mapperHandler.hpp">
      <Filter>Header Files</Filter>
    </ClInclude>
    <ClInclude Include="src\memory.hpp">
      <Filter>Header Files</Filter>
    </ClInclude>
    <ClInclude Include="src\nesemu.hpp">
      <Filter>Header Files</Filter>
    </ClInclude>
    <ClInclude Include="src\ppu.hpp">
      <Filter>Header Files</Filter>
    </ClInclude>
    <ClInclude Include="src\mappers\mapper.hpp">
      <Filter>Header Files</Filter>
    </ClInclude>
    <ClInclude Include="src\mappers\mapper0.hpp">
      <Filter>Header Files</Filter>
    </ClInclude>
    <ClInclude Include="src\mappers\mapper1.hpp">
      <Filter>Header Files</Filter>
    </ClInclude>
    <ClInclude Include="src\mappers\mapper2.hpp">
      <Filter>Header Files</Filter>
    </ClInclude>
    <ClInclude Include="src\audiochannels\pulsechannel.hpp">
      <Filter>Header Files</Filter>
    </ClInclude>
    <ClInclude Include="src\audiochannels\trianglechannel.hpp">
      <Filter>Header Files</Filter>
    </ClInclude>
    <ClInclude Include="src\audiochannels\noisechannel.hpp">
      <Filter>Header Files</Filter>
    </ClInclude>
  </ItemGroup>
</Project>